
Microsoft Visual Studio Solution File, Format Version 12.00
# Visual Studio 15
VisualStudioVersion = 15.0.28010.2036
MinimumVisualStudioVersion = 10.0.40219.1
Project("{FAE04EC0-301F-11D3-BF4B-00C04F79EFBC}") = "PackagesConfigMerger", "PackagesConfigMerger\PackagesConfigMerger.csproj", "{4278652A-BD19-4F22-9B26-D8FB02998B75}"
EndProject
Global
	GlobalSection(SolutionConfigurationPlatforms) = preSolution
		Debug|Any CPU = Debug|Any CPU
		Release|Any CPU = Release|Any CPU
	EndGlobalSection
	GlobalSection(ProjectConfigurationPlatforms) = postSolution
		{4278652A-BD19-4F22-9B26-D8FB02998B75}.Debug|Any CPU.ActiveCfg = Debug|Any CPU
		{4278652A-BD19-4F22-9B26-D8FB02998B75}.Debug|Any CPU.Build.0 = Debug|Any CPU
		{4278652A-BD19-4F22-9B26-D8FB02998B75}.Release|Any CPU.ActiveCfg = Release|Any CPU
		{4278652A-BD19-4F22-9B26-D8FB02998B75}.Release|Any CPU.Build.0 = Release|Any CPU
	EndGlobalSection
	GlobalSection(SolutionProperties) = preSolution
		HideSolutionNode = FALSE
	EndGlobalSection
	GlobalSection(ExtensibilityGlobals) = postSolution
		SolutionGuid = {0BB75490-E869-4DC1-9322-D66D2BFD5344}
	EndGlobalSection
EndGlobal
